
Microsoft Visual Studio Solution File, Format Version 12.00
# Visual Studio Version 17
VisualStudioVersion = 17.14.36203.30 d17.14
MinimumVisualStudioVersion = 10.0.40219.1
Project("{FAE04EC0-301F-11D3-BF4B-00C04F79EFBC}") = "Calculator", "Calculator\Calculator.csproj", "{22EF92A3-4FB9-4C1F-ABF4-C7C88438C09E}"
EndProject
Global
	GlobalSection(SolutionConfigurationPlatforms) = preSolution
		Debug|Any CPU = Debug|Any CPU
		Release|Any CPU = Release|Any CPU
	EndGlobalSection
	GlobalSection(ProjectConfigurationPlatforms) = postSolution
		{22EF92A3-4FB9-4C1F-ABF4-C7C88438C09E}.Debug|Any CPU.ActiveCfg = Debug|Any CPU
		{22EF92A3-4FB9-4C1F-ABF4-C7C88438C09E}.Debug|Any CPU.Build.0 = Debug|Any CPU
		{22EF92A3-4FB9-4C1F-ABF4-C7C88438C09E}.Release|Any CPU.ActiveCfg = Release|Any CPU
		{22EF92A3-4FB9-4C1F-ABF4-C7C88438C09E}.Release|Any CPU.Build.0 = Release|Any CPU
	EndGlobalSection
	GlobalSection(SolutionProperties) = preSolution
		HideSolutionNode = FALSE
	EndGlobalSection
	GlobalSection(ExtensibilityGlobals) = postSolution
		SolutionGuid = {0FD3B5B5-C01E-48E5-9653-38E85A6637CB}
	EndGlobalSection
EndGlobal
